{
    "_readme": [
        "This file locks the dependencies of your project to a known state",
        "Read more about it at https://getcomposer.org/doc/01-basic-usage.md#installing-dependencies",
        "This file is @generated automatically"
    ],
    "content-hash": "3774f7b2b2818d77101b97ebd3241db7",
    "packages": [
        {
            "name": "tareq1988/wordpress-settings-api-class",
            "version": "dev-master",
            "source": {
                "type": "git",
                "url": "https://github.com/tareq1988/wordpress-settings-api-class.git",
                "reference": "243544eeb83be10e629dd89eb487b96e4170ed57"
            },
            "dist": {
                "type": "zip",
                "url": "https://api.github.com/repos/tareq1988/wordpress-settings-api-class/zipball/243544eeb83be10e629dd89eb487b96e4170ed57",
                "reference": "243544eeb83be10e629dd89eb487b96e4170ed57",
                "shasum": ""
            },
            "require": {
                "php": ">=5.2.4"
            },
            "type": "library",
            "autoload": {
                "classmap": [
                    "src/"
                ]
            },
            "notification-url": "https://packagist.org/downloads/",
            "license": [
                "GPLv2"
            ],
            "authors": [
                {
                    "name": "Tareq Hasan",
                    "email": "tareq@wedevs.com",
                    "homepage": "http://tareq.wedevs.com",
                    "role": "Developer"
                }
            ],
            "description": "WordPress settings API Abstraction Class",
            "homepage": "https://github.com/tareq1988/wordpress-settings-api-class",
            "keywords": [
                "settings-api",
                "wordpress",
                "wp"
            ],
            "time": "2018-05-01T19:33:47+00:00"
        }
    ],
    "packages-dev": [],
    "aliases": [],
    "minimum-stability": "dev",
    "stability-flags": {
        "tareq1988/wordpress-settings-api-class": 20
    },
    "prefer-stable": false,
    "prefer-lowest": false,
    "platform": [],
    "platform-dev": []
}
